
Microsoft Visual Studio Solution File, Format Version 12.00
# Visual Studio 14
VisualStudioVersion = 14.0.25420.1
MinimumVisualStudioVersion = 10.0.40219.1
Project("{2150E333-8FDC-42A3-9474-1A3956D46DE8}") = "src", "src", "{7B96257C-5CE0-45FB-8160-468A3A71C891}"
EndProject
Project("{2150E333-8FDC-42A3-9474-1A3956D46DE8}") = "Solution Items", "Solution Items", "{49C3175E-841C-49AF-A862-A44E042A6E4F}"
	ProjectSection(SolutionItems) = preProject
		global.json = global.json
	EndProjectSection
EndProject
Project("{8BB2217D-0F2D-49D1-97BC-3654ED321F3B}") = "MyChy.Core.Frame", "src\MyChy.Core.Frame\MyChy.Core.Frame.xproj", "{BFFA5D74-2E2B-40B8-8B48-64C2D0DE9F44}"
EndProject
Project("{8BB2217D-0F2D-49D1-97BC-3654ED321F3B}") = "MyChy.Core.Frame.Common", "src\MyChy.Core.Frame.Common\MyChy.Core.Frame.Common.xproj", "{3314CA7C-EF3C-4984-8059-F2EFB56DD8E5}"
EndProject
Project("{8BB2217D-0F2D-49D1-97BC-3654ED321F3B}") = "MyChy.Core.Frame.Web", "src\MyChy.Core.Frame.Web\MyChy.Core.Frame.Web.xproj", "{7D3C4A7B-CBD1-4F9B-87A2-C7CC2E510E5B}"
EndProject
Global
	GlobalSection(SolutionConfigurationPlatforms) = preSolution
		Debug|Any CPU = Debug|Any CPU
		Release|Any CPU = Release|Any CPU
	EndGlobalSection
	GlobalSection(ProjectConfigurationPlatforms) = postSolution
		{BFFA5D74-2E2B-40B8-8B48-64C2D0DE9F44}.Debug|Any CPU.ActiveCfg = Debug|Any CPU
		{BFFA5D74-2E2B-40B8-8B48-64C2D0DE9F44}.Debug|Any CPU.Build.0 = Debug|Any CPU
		{BFFA5D74-2E2B-40B8-8B48-64C2D0DE9F44}.Release|Any CPU.ActiveCfg = Release|Any CPU
		{BFFA5D74-2E2B-40B8-8B48-64C2D0DE9F44}.Release|Any CPU.Build.0 = Release|Any CPU
		{3314CA7C-EF3C-4984-8059-F2EFB56DD8E5}.Debug|Any CPU.ActiveCfg = Debug|Any CPU
		{3314CA7C-EF3C-4984-8059-F2EFB56DD8E5}.Debug|Any CPU.Build.0 = Debug|Any CPU
		{3314CA7C-EF3C-4984-8059-F2EFB56DD8E5}.Release|Any CPU.ActiveCfg = Release|Any CPU
		{3314CA7C-EF3C-4984-8059-F2EFB56DD8E5}.Release|Any CPU.Build.0 = Release|Any CPU
		{7D3C4A7B-CBD1-4F9B-87A2-C7CC2E510E5B}.Debug|Any CPU.ActiveCfg = Debug|Any CPU
		{7D3C4A7B-CBD1-4F9B-87A2-C7CC2E510E5B}.Debug|Any CPU.Build.0 = Debug|Any CPU
		{7D3C4A7B-CBD1-4F9B-87A2-C7CC2E510E5B}.Release|Any CPU.ActiveCfg = Release|Any CPU
		{7D3C4A7B-CBD1-4F9B-87A2-C7CC2E510E5B}.Release|Any CPU.Build.0 = Release|Any CPU
	EndGlobalSection
	GlobalSection(SolutionProperties) = preSolution
		HideSolutionNode = FALSE
	EndGlobalSection
	GlobalSection(NestedProjects) = preSolution
		{BFFA5D74-2E2B-40B8-8B48-64C2D0DE9F44} = {7B96257C-5CE0-45FB-8160-468A3A71C891}
		{3314CA7C-EF3C-4984-8059-F2EFB56DD8E5} = {7B96257C-5CE0-45FB-8160-468A3A71C891}
		{7D3C4A7B-CBD1-4F9B-87A2-C7CC2E510E5B} = {7B96257C-5CE0-45FB-8160-468A3A71C891}
	EndGlobalSection
EndGlobal
